
Microsoft Visual Studio Solution File, Format Version 12.00
# Visual Studio Version 16
VisualStudioVersion = 16.0.33027.164
MinimumVisualStudioVersion = 10.0.40219.1
Project("{6989167D-11E4-40FE-8C1A-2192A86A7E90}") = "AEM2Texture", "AEM2Texture.vfproj", "{FC5B0AC3-BC70-46CE-AA6A-B3DEDA398FCF}"
EndProject
Global
	GlobalSection(SolutionConfigurationPlatforms) = preSolution
		Debug|x64 = Debug|x64
		Debug|x86 = Debug|x86
		Release|x64 = Release|x64
		Release|x86 = Release|x86
	EndGlobalSection
	GlobalSection(ProjectConfigurationPlatforms) = postSolution
		{FC5B0AC3-BC70-46CE-AA6A-B3DEDA398FCF}.Debug|x64.ActiveCfg = Debug|x64
		{FC5B0AC3-BC70-46CE-AA6A-B3DEDA398FCF}.Debug|x64.Build.0 = Debug|x64
		{FC5B0AC3-BC70-46CE-AA6A-B3DEDA398FCF}.Debug|x86.ActiveCfg = Debug|Win32
		{FC5B0AC3-BC70-46CE-AA6A-B3DEDA398FCF}.Debug|x86.Build.0 = Debug|Win32
		{FC5B0AC3-BC70-46CE-AA6A-B3DEDA398FCF}.Release|x64.ActiveCfg = Release|x64
		{FC5B0AC3-BC70-46CE-AA6A-B3DEDA398FCF}.Release|x64.Build.0 = Release|x64
		{FC5B0AC3-BC70-46CE-AA6A-B3DEDA398FCF}.Release|x86.ActiveCfg = Release|Win32
		{FC5B0AC3-BC70-46CE-AA6A-B3DEDA398FCF}.Release|x86.Build.0 = Release|Win32
	EndGlobalSection
	GlobalSection(SolutionProperties) = preSolution
		HideSolutionNode = FALSE
	EndGlobalSection
	GlobalSection(ExtensibilityGlobals) = postSolution
		SolutionGuid = {A823AAF5-4635-40A1-812B-CF8582BC4043}
	EndGlobalSection
EndGlobal
